
Microsoft Visual Studio Solution File, Format Version 12.00
# Visual Studio Version 17
VisualStudioVersion = 17.5.33516.290
MinimumVisualStudioVersion = 10.0.40219.1
Project("{8BC9CEB8-8B4A-11D0-8D11-00A0C91BC942}") = "Labsheet 5", "Labsheet 5.vcxproj", "{9BC9CA18-4D8C-4CC7-80C9-198721BC27DA}"
EndProject
Global
	GlobalSection(SolutionConfigurationPlatforms) = preSolution
		Debug|x64 = Debug|x64
		Debug|x86 = Debug|x86
		Release|x64 = Release|x64
		Release|x86 = Release|x86
	EndGlobalSection
	GlobalSection(ProjectConfigurationPlatforms) = postSolution
		{9BC9CA18-4D8C-4CC7-80C9-198721BC27DA}.Debug|x64.ActiveCfg = Debug|x64
		{9BC9CA18-4D8C-4CC7-80C9-198721BC27DA}.Debug|x64.Build.0 = Debug|x64
		{9BC9CA18-4D8C-4CC7-80C9-198721BC27DA}.Debug|x86.ActiveCfg = Debug|Win32
		{9BC9CA18-4D8C-4CC7-80C9-198721BC27DA}.Debug|x86.Build.0 = Debug|Win32
		{9BC9CA18-4D8C-4CC7-80C9-198721BC27DA}.Release|x64.ActiveCfg = Release|x64
		{9BC9CA18-4D8C-4CC7-80C9-198721BC27DA}.Release|x64.Build.0 = Release|x64
		{9BC9CA18-4D8C-4CC7-80C9-198721BC27DA}.Release|x86.ActiveCfg = Release|Win32
		{9BC9CA18-4D8C-4CC7-80C9-198721BC27DA}.Release|x86.Build.0 = Release|Win32
	EndGlobalSection
	GlobalSection(SolutionProperties) = preSolution
		HideSolutionNode = FALSE
	EndGlobalSection
	GlobalSection(ExtensibilityGlobals) = postSolution
		SolutionGuid = {8328288E-986E-4FB8-A49B-556C0B3ABD0D}
	EndGlobalSection
EndGlobal
